{
  "R": {
    "Version": "4.3.1",
    "Repositories": [
      {
        "Name": "CRAN",
        "URL": "https://packagemanager.posit.co/cran/latest"
      }
    ]
  },
  "Packages": {
    "IRdisplay": {
      "Package": "IRdisplay",
      "Version": "1.1",
      "Source": "Repository",
      "Repository": "RSPM",
      "Requirements": [
        "R",
        "methods",
        "repr"
      ],
      "Hash": "5ea7862cfcd8b146f233ed1ac9fb8eda"
    },
    "IRkernel": {
      "Package": "IRkernel",
      "Version": "1.3.2",
      "Source": "Repository",
      "Repository": "RSPM",
      "Requirements": [
        "IRdisplay",
        "R",
        "crayon",
        "digest",
        "evaluate",
        "jsonlite",
        "methods",
        "pbdZMQ",
        "repr",
        "uuid"
      ],
      "Hash": "e57f593112825c91949debb0da1d45d6"
    },
    "R6": {
      "Package": "R6",
      "Version": "2.5.1",
      "Source": "Repository",
      "Repository": "RSPM",
      "Requirements": [
        "R"
      ],
      "Hash": "470851b6d5d0ac559e9d01bb352b4021"
    },
    "RSelenium": {
      "Package": "RSelenium",
      "Version": "1.7.9",
      "Source": "Repository",
      "Repository": "RSPM",
      "Requirements": [
        "R",
        "caTools",
        "httr",
        "methods",
        "utils",
        "wdman"
      ],
      "Hash": "220fcb4ef5aa02aecbeaf3d9617d361b"
    },
    "Rcpp": {
      "Package": "Rcpp",
      "Version": "1.0.11",
      "Source": "Repository",
      "Repository": "RSPM",
      "Requirements": [
        "methods",
        "utils"
      ],
      "Hash": "ae6cbbe1492f4de79c45fce06f967ce8"
    },
    "askpass": {
      "Package": "askpass",
      "Version": "1.2.0",
      "Source": "Repository",
      "Repository": "RSPM",
      "Requirements": [
        "sys"
      ],
      "Hash": "cad6cf7f1d5f6e906700b9d3e718c796"
    },
    "assertthat": {
      "Package": "assertthat",
      "Version": "0.2.1",
      "Source": "Repository",
      "Repository": "RSPM",
      "Requirements": [
        "tools"
      ],
      "Hash": "50c838a310445e954bc13f26f26a6ecf"
    },
    "base64enc": {
      "Package": "base64enc",
      "Version": "0.1-3",
      "Source": "Repository",
      "Repository": "RSPM",
      "Requirements": [
        "R"
      ],
      "Hash": "543776ae6848fde2f48ff3816d0628bc"
    },
    "binman": {
      "Package": "binman",
      "Version": "0.1.3",
      "Source": "Repository",
      "Repository": "RSPM",
      "Requirements": [
        "R",
        "assertthat",
        "httr",
        "jsonlite",
        "rappdirs",
        "semver",
        "stats",
        "utils",
        "xml2",
        "yaml"
      ],
      "Hash": "36668971df260c1a5af77bfb92b1dbf5"
    },
    "bitops": {
      "Package": "bitops",
      "Version": "1.0-7",
      "Source": "Repository",
      "Repository": "RSPM",
      "Hash": "b7d8d8ee39869c18d8846a184dd8a1af"
    },
    "caTools": {
      "Package": "caTools",
      "Version": "1.18.2",
      "Source": "Repository",
      "Repository": "RSPM",
      "Requirements": [
        "R",
        "bitops"
      ],
      "Hash": "34d90fa5845004236b9eacafc51d07b2"
    },
    "cli": {
      "Package": "cli",
      "Version": "3.6.1",
      "Source": "Repository",
      "Repository": "RSPM",
      "Requirements": [
        "R",
        "utils"
      ],
      "Hash": "89e6d8219950eac806ae0c489052048a"
    },
    "crayon": {
      "Package": "crayon",
      "Version": "1.5.2",
      "Source": "Repository",
      "Repository": "RSPM",
      "Requirements": [
        "grDevices",
        "methods",
        "utils"
      ],
      "Hash": "e8a1e41acf02548751f45c718d55aa6a"
    },
    "curl": {
      "Package": "curl",
      "Version": "5.1.0",
      "Source": "Repository",
      "Repository": "RSPM",
      "Requirements": [
        "R"
      ],
      "Hash": "9123f3ef96a2c1a93927d828b2fe7d4c"
    },
    "digest": {
      "Package": "digest",
      "Version": "0.6.33",
      "Source": "Repository",
      "Repository": "RSPM",
      "Requirements": [
        "R",
        "utils"
      ],
      "Hash": "b18a9cf3c003977b0cc49d5e76ebe48d"
    },
    "ellipsis": {
      "Package": "ellipsis",
      "Version": "0.3.2",
      "Source": "Repository",
      "Repository": "RSPM",
      "Requirements": [
        "R",
        "rlang"
      ],
      "Hash": "bb0eec2fe32e88d9e2836c2f73ea2077"
    },
    "evaluate": {
      "Package": "evaluate",
      "Version": "0.22",
      "Source": "Repository",
      "Repository": "RSPM",
      "Requirements": [
        "R",
        "methods"
      ],
      "Hash": "66f39c7a21e03c4dcb2c2d21d738d603"
    },
    "fansi": {
      "Package": "fansi",
      "Version": "1.0.5",
      "Source": "Repository",
      "Repository": "RSPM",
      "Requirements": [
        "R",
        "grDevices",
        "utils"
      ],
      "Hash": "3e8583a60163b4bc1a80016e63b9959e"
    },
    "fastmap": {
      "Package": "fastmap",
      "Version": "1.1.1",
      "Source": "Repository",
      "Repository": "RSPM",
      "Hash": "f7736a18de97dea803bde0a2daaafb27"
    },
    "glue": {
      "Package": "glue",
      "Version": "1.6.2",
      "Source": "Repository",
      "Repository": "RSPM",
      "Requirements": [
        "R",
        "methods"
      ],
      "Hash": "4f2596dfb05dac67b9dc558e5c6fba2e"
    },
    "htmltools": {
      "Package": "htmltools",
      "Version": "0.5.6.1",
      "Source": "Repository",
      "Repository": "RSPM",
      "Requirements": [
        "R",
        "base64enc",
        "digest",
        "ellipsis",
        "fastmap",
        "grDevices",
        "rlang",
        "utils"
      ],
      "Hash": "1e12fe667316a76508898839ecfb2d00"
    },
    "httr": {
      "Package": "httr",
      "Version": "1.4.7",
      "Source": "Repository",
      "Repository": "RSPM",
      "Requirements": [
        "R",
        "R6",
        "curl",
        "jsonlite",
        "mime",
        "openssl"
      ],
      "Hash": "ac107251d9d9fd72f0ca8049988f1d7f"
    },
    "jsonlite": {
      "Package": "jsonlite",
      "Version": "1.8.7",
      "Source": "Repository",
      "Repository": "RSPM",
      "Requirements": [
        "methods"
      ],
      "Hash": "266a20443ca13c65688b2116d5220f76"
    },
    "lifecycle": {
      "Package": "lifecycle",
      "Version": "1.0.3",
      "Source": "Repository",
      "Repository": "RSPM",
      "Requirements": [
        "R",
        "cli",
        "glue",
        "rlang"
      ],
      "Hash": "001cecbeac1cff9301bdc3775ee46a86"
    },
    "magrittr": {
      "Package": "magrittr",
      "Version": "2.0.3",
      "Source": "Repository",
      "Repository": "RSPM",
      "Requirements": [
        "R"
      ],
      "Hash": "7ce2733a9826b3aeb1775d56fd305472"
    },
    "mime": {
      "Package": "mime",
      "Version": "0.12",
      "Source": "Repository",
      "Repository": "RSPM",
      "Requirements": [
        "tools"
      ],
      "Hash": "18e9c28c1d3ca1560ce30658b22ce104"
    },
    "openssl": {
      "Package": "openssl",
      "Version": "2.1.1",
      "Source": "Repository",
      "Repository": "RSPM",
      "Requirements": [
        "askpass"
      ],
      "Hash": "2a0dc8c6adfb6f032e4d4af82d258ab5"
    },
    "pbdZMQ": {
      "Package": "pbdZMQ",
      "Version": "0.3-10",
      "Source": "Repository",
      "Repository": "RSPM",
      "Requirements": [
        "R"
      ],
      "Hash": "d827bc6fd1ec550114f19b48d149a35b"
    },
    "pillar": {
      "Package": "pillar",
      "Version": "1.9.0",
      "Source": "Repository",
      "Repository": "RSPM",
      "Requirements": [
        "cli",
        "fansi",
        "glue",
        "lifecycle",
        "rlang",
        "utf8",
        "utils",
        "vctrs"
      ],
      "Hash": "15da5a8412f317beeee6175fbc76f4bb"
    },
    "pkgconfig": {
      "Package": "pkgconfig",
      "Version": "2.0.3",
      "Source": "Repository",
      "Repository": "RSPM",
      "Requirements": [
        "utils"
      ],
      "Hash": "01f28d4278f15c76cddbea05899c5d6f"
    },
    "processx": {
      "Package": "processx",
      "Version": "3.8.2",
      "Source": "Repository",
      "Repository": "RSPM",
      "Requirements": [
        "R",
        "R6",
        "ps",
        "utils"
      ],
      "Hash": "3efbd8ac1be0296a46c55387aeace0f3"
    },
    "ps": {
      "Package": "ps",
      "Version": "1.7.5",
      "Source": "Repository",
      "Repository": "RSPM",
      "Requirements": [
        "R",
        "utils"
      ],
      "Hash": "709d852d33178db54b17c722e5b1e594"
    },
    "rappdirs": {
      "Package": "rappdirs",
      "Version": "0.3.3",
      "Source": "Repository",
      "Repository": "RSPM",
      "Requirements": [
        "R"
      ],
      "Hash": "5e3c5dc0b071b21fa128676560dbe94d"
    },
    "renv": {
      "Package": "renv",
      "Version": "1.0.3",
      "Source": "Repository",
      "Repository": "CRAN",
      "Requirements": [
        "utils"
      ],
      "Hash": "41b847654f567341725473431dd0d5ab"
    },
    "repr": {
      "Package": "repr",
      "Version": "1.1.6",
      "Source": "Repository",
      "Repository": "RSPM",
      "Requirements": [
        "R",
        "base64enc",
        "grDevices",
        "htmltools",
        "jsonlite",
        "pillar",
        "utils"
      ],
      "Hash": "fab761ee8f3554a04afef40ac53689f4"
    },
    "rlang": {
      "Package": "rlang",
      "Version": "1.1.1",
      "Source": "Repository",
      "Repository": "RSPM",
      "Requirements": [
        "R",
        "utils"
      ],
      "Hash": "a85c767b55f0bf9b7ad16c6d7baee5bb"
    },
    "rvest": {
      "Package": "rvest",
      "Version": "1.0.3",
      "Source": "Repository",
      "Repository": "RSPM",
      "Requirements": [
        "R",
        "cli",
        "glue",
        "httr",
        "lifecycle",
        "magrittr",
        "rlang",
        "selectr",
        "tibble",
        "withr",
        "xml2"
      ],
      "Hash": "a4a5ac819a467808c60e36e92ddf195e"
    },
    "selectr": {
      "Package": "selectr",
      "Version": "0.4-2",
      "Source": "Repository",
      "Repository": "RSPM",
      "Requirements": [
        "R",
        "R6",
        "methods",
        "stringr"
      ],
      "Hash": "3838071b66e0c566d55cc26bd6e27bf4"
    },
    "semver": {
      "Package": "semver",
      "Version": "0.2.0",
      "Source": "Repository",
      "Repository": "RSPM",
      "Requirements": [
        "Rcpp",
        "assertthat",
        "utils"
      ],
      "Hash": "767de4760297e70995edb7b30fbda816"
    },
    "stringi": {
      "Package": "stringi",
      "Version": "1.7.12",
      "Source": "Repository",
      "Repository": "RSPM",
      "Requirements": [
        "R",
        "stats",
        "tools",
        "utils"
      ],
      "Hash": "ca8bd84263c77310739d2cf64d84d7c9"
    },
    "stringr": {
      "Package": "stringr",
      "Version": "1.5.0",
      "Source": "Repository",
      "Repository": "RSPM",
      "Requirements": [
        "R",
        "cli",
        "glue",
        "lifecycle",
        "magrittr",
        "rlang",
        "stringi",
        "vctrs"
      ],
      "Hash": "671a4d384ae9d32fc47a14e98bfa3dc8"
    },
    "sys": {
      "Package": "sys",
      "Version": "3.4.2",
      "Source": "Repository",
      "Repository": "RSPM",
      "Hash": "3a1be13d68d47a8cd0bfd74739ca1555"
    },
    "tibble": {
      "Package": "tibble",
      "Version": "3.2.1",
      "Source": "Repository",
      "Repository": "RSPM",
      "Requirements": [
        "R",
        "fansi",
        "lifecycle",
        "magrittr",
        "methods",
        "pillar",
        "pkgconfig",
        "rlang",
        "utils",
        "vctrs"
      ],
      "Hash": "a84e2cc86d07289b3b6f5069df7a004c"
    },
    "utf8": {
      "Package": "utf8",
      "Version": "1.2.3",
      "Source": "Repository",
      "Repository": "RSPM",
      "Requirements": [
        "R"
      ],
      "Hash": "1fe17157424bb09c48a8b3b550c753bc"
    },
    "uuid": {
      "Package": "uuid",
      "Version": "1.1-1",
      "Source": "Repository",
      "Repository": "RSPM",
      "Requirements": [
        "R"
      ],
      "Hash": "3d78edfb977a69fc7a0341bee25e163f"
    },
    "vctrs": {
      "Package": "vctrs",
      "Version": "0.6.3",
      "Source": "Repository",
      "Repository": "CRAN",
      "Requirements": [
        "R",
        "cli",
        "glue",
        "lifecycle",
        "rlang"
      ],
      "Hash": "d0ef2856b83dc33ea6e255caf6229ee2"
    },
    "wdman": {
      "Package": "wdman",
      "Version": "0.2.6",
      "Source": "Repository",
      "Repository": "RSPM",
      "Requirements": [
        "R",
        "assertthat",
        "binman",
        "processx",
        "semver",
        "utils",
        "yaml"
      ],
      "Hash": "cf0c1b51d169b354f561f73ee2761c18"
    },
    "withr": {
      "Package": "withr",
      "Version": "2.5.1",
      "Source": "Repository",
      "Repository": "RSPM",
      "Requirements": [
        "R",
        "grDevices",
        "graphics",
        "stats"
      ],
      "Hash": "d77c6f74be05c33164e33fbc85540cae"
    },
    "xml2": {
      "Package": "xml2",
      "Version": "1.3.5",
      "Source": "Repository",
      "Repository": "RSPM",
      "Requirements": [
        "R",
        "methods"
      ],
      "Hash": "6c40e5cfcc6aefd88110666e18c31f40"
    },
    "yaml": {
      "Package": "yaml",
      "Version": "2.3.7",
      "Source": "Repository",
      "Repository": "RSPM",
      "Hash": "0d0056cc5383fbc240ccd0cb584bf436"
    }
  }
}
